// !$*UTF8*$!
{
	archiveVersion = 1;
	classes = {
	};
	objectVersion = 77;
	objects = {

/* Begin PBXBuildFile section */
		70A4BABC2D564B6600F54FDC /* FirebaseAnalytics in Frameworks */ = {isa = PBXBuildFile; productRef = 70A4BABB2D564B6600F54FDC /* FirebaseAnalytics */; };
		70A4BABE2D564B6600F54FDC /* FirebaseAnalyticsOnDeviceConversion in Frameworks */ = {isa = PBXBuildFile; productRef = 70A4BABD2D564B6600F54FDC /* FirebaseAnalyticsOnDeviceConversion */; };
		70A4BAC02D564B6600F54FDC /* FirebaseAnalyticsWithoutAdIdSupport in Frameworks */ = {isa = PBXBuildFile; productRef = 70A4BABF2D564B6600F54FDC /* FirebaseAnalyticsWithoutAdIdSupport */; };
		70A4BAC22D564B6600F54FDC /* FirebaseAppCheck in Frameworks */ = {isa = PBXBuildFile; productRef = 70A4BAC12D564B6600F54FDC /* FirebaseAppCheck */; };
		70A4BAC42D564B6600F54FDC /* FirebaseAppDistribution-Beta in Frameworks */ = {isa = PBXBuildFile; productRef = 70A4BAC32D564B6600F54FDC /* FirebaseAppDistribution-Beta */; };
		70A4BAC62D564B6600F54FDC /* FirebaseAuth in Frameworks */ = {isa = PBXBuildFile; productRef = 70A4BAC52D564B6600F54FDC /* FirebaseAuth */; };
		70A4BAC82D564B6600F54FDC /* FirebaseAuthCombine-Community in Frameworks */ = {isa = PBXBuildFile; productRef = 70A4BAC72D564B6600F54FDC /* FirebaseAuthCombine-Community */; };
		70A4BACA2D564B6600F54FDC /* FirebaseCore in Frameworks */ = {isa = PBXBuildFile; productRef = 70A4BAC92D564B6600F54FDC /* FirebaseCore */; };
		70A4BACC2D564B6600F54FDC /* FirebaseCrashlytics in Frameworks */ = {isa = PBXBuildFile; productRef = 70A4BACB2D564B6600F54FDC /* FirebaseCrashlytics */; };
		70A4BACE2D564B6600F54FDC /* FirebaseDatabase in Frameworks */ = {isa = PBXBuildFile; productRef = 70A4BACD2D564B6600F54FDC /* FirebaseDatabase */; };
		70A4BAD02D564B6600F54FDC /* FirebaseDynamicLinks in Frameworks */ = {isa = PBXBuildFile; productRef = 70A4BACF2D564B6600F54FDC /* FirebaseDynamicLinks */; };
		70A4BAD22D564B6600F54FDC /* FirebaseFirestore in Frameworks */ = {isa = PBXBuildFile; productRef = 70A4BAD12D564B6600F54FDC /* FirebaseFirestore */; };
		70A4BAD42D564B6600F54FDC /* FirebaseFirestoreCombine-Community in Frameworks */ = {isa = PBXBuildFile; productRef = 70A4BAD32D564B6600F54FDC /* FirebaseFirestoreCombine-Community */; };
		70A4BAD62D564B6600F54FDC /* FirebaseFunctions in Frameworks */ = {isa = PBXBuildFile; productRef = 70A4BAD52D564B6600F54FDC /* FirebaseFunctions */; };
		70A4BAD82D564B6600F54FDC /* FirebaseFunctionsCombine-Community in Frameworks */ = {isa = PBXBuildFile; productRef = 70A4BAD72D564B6600F54FDC /* FirebaseFunctionsCombine-Community */; };
		70A4BADA2D564B6600F54FDC /* FirebaseInAppMessaging-Beta in Frameworks */ = {isa = PBXBuildFile; productRef = 70A4BAD92D564B6600F54FDC /* FirebaseInAppMessaging-Beta */; };
		70A4BADC2D564B6600F54FDC /* FirebaseInstallations in Frameworks */ = {isa = PBXBuildFile; productRef = 70A4BADB2D564B6600F54FDC /* FirebaseInstallations */; };
		70A4BADE2D564B6600F54FDC /* FirebaseMLModelDownloader in Frameworks */ = {isa = PBXBuildFile; productRef = 70A4BADD2D564B6600F54FDC /* FirebaseMLModelDownloader */; };
		70A4BAE02D564B6600F54FDC /* FirebaseMessaging in Frameworks */ = {isa = PBXBuildFile; productRef = 70A4BADF2D564B6600F54FDC /* FirebaseMessaging */; };
		70A4BAE22D564B6600F54FDC /* FirebasePerformance in Frameworks */ = {isa = PBXBuildFile; productRef = 70A4BAE12D564B6600F54FDC /* FirebasePerformance */; };
		70A4BAE42D564B6600F54FDC /* FirebaseRemoteConfig in Frameworks */ = {isa = PBXBuildFile; productRef = 70A4BAE32D564B6600F54FDC /* FirebaseRemoteConfig */; };
		70A4BAE62D564B6600F54FDC /* FirebaseStorage in Frameworks */ = {isa = PBXBuildFile; productRef = 70A4BAE52D564B6600F54FDC /* FirebaseStorage */; };
		70A4BAE82D564B6600F54FDC /* FirebaseStorageCombine-Community in Frameworks */ = {isa = PBXBuildFile; productRef = 70A4BAE72D564B6600F54FDC /* FirebaseStorageCombine-Community */; };
		70A4BAEA2D564B6600F54FDC /* FirebaseVertexAI in Frameworks */ = {isa = PBXBuildFile; productRef = 70A4BAE92D564B6600F54FDC /* FirebaseVertexAI */; };
/* End PBXBuildFile section */

/* Begin PBXContainerItemProxy section */
		703158D02D564020007C759A /* PBXContainerItemProxy */ = {
			isa = PBXContainerItemProxy;
			containerPortal = 703158B72D56401E007C759A /* Project object */;
			proxyType = 1;
			remoteGlobalIDString = 703158BE2D56401E007C759A;
			remoteInfo = Tasks;
		};
		703158DA2D564020007C759A /* PBXContainerItemProxy */ = {
			isa = PBXContainerItemProxy;
			containerPortal = 703158B72D56401E007C759A /* Project object */;
			proxyType = 1;
			remoteGlobalIDString = 703158BE2D56401E007C759A;
			remoteInfo = Tasks;
		};
/* End PBXContainerItemProxy section */

/* Begin PBXFileReference section */
		703158BF2D56401E007C759A /* Tasks.app */ = {isa = PBXFileReference; explicitFileType = wrapper.application; includeInIndex = 0; path = Tasks.app; sourceTree = BUILT_PRODUCTS_DIR; };
		703158CF2D564020007C759A /* TasksTests.xctest */ = {isa = PBXFileReference; explicitFileType = wrapper.cfbundle; includeInIndex = 0; path = TasksTests.xctest; sourceTree = BUILT_PRODUCTS_DIR; };
		703158D92D564020007C759A /* TasksUITests.xctest */ = {isa = PBXFileReference; explicitFileType = wrapper.cfbundle; includeInIndex = 0; path = TasksUITests.xctest; sourceTree = BUILT_PRODUCTS_DIR; };
/* End PBXFileReference section */

/* Begin PBXFileSystemSynchronizedRootGroup section */
		703158C12D56401E007C759A /* Tasks */ = {
			isa = PBXFileSystemSynchronizedRootGroup;
			path = Tasks;
			sourceTree = "<group>";
		};
		703158D22D564020007C759A /* TasksTests */ = {
			isa = PBXFileSystemSynchronizedRootGroup;
			path = TasksTests;
			sourceTree = "<group>";
		};
		703158DC2D564020007C759A /* TasksUITests */ = {
			isa = PBXFileSystemSynchronizedRootGroup;
			path = TasksUITests;
			sourceTree = "<group>";
		};
/* End PBXFileSystemSynchronizedRootGroup section */

/* Begin PBXFrameworksBuildPhase section */
		703158BC2D56401E007C759A /* Frameworks */ = {
			isa = PBXFrameworksBuildPhase;
			buildActionMask = 2147483647;
			files = (
				70A4BAD42D564B6600F54FDC /* FirebaseFirestoreCombine-Community in Frameworks */,
				70A4BAEA2D564B6600F54FDC /* FirebaseVertexAI in Frameworks */,
				70A4BAD62D564B6600F54FDC /* FirebaseFunctions in Frameworks */,
				70A4BAE22D564B6600F54FDC /* FirebasePerformance in Frameworks */,
				70A4BAE82D564B6600F54FDC /* FirebaseStorageCombine-Community in Frameworks */,
				70A4BAE42D564B6600F54FDC /* FirebaseRemoteConfig in Frameworks */,
				70A4BACE2D564B6600F54FDC /* FirebaseDatabase in Frameworks */,
				70A4BAD02D564B6600F54FDC /* FirebaseDynamicLinks in Frameworks */,
				70A4BAC22D564B6600F54FDC /* FirebaseAppCheck in Frameworks */,
				70A4BAC62D564B6600F54FDC /* FirebaseAuth in Frameworks */,
				70A4BABC2D564B6600F54FDC /* FirebaseAnalytics in Frameworks */,
				70A4BAD22D564B6600F54FDC /* FirebaseFirestore in Frameworks */,
				70A4BAE02D564B6600F54FDC /* FirebaseMessaging in Frameworks */,
				70A4BADC2D564B6600F54FDC /* FirebaseInstallations in Frameworks */,
				70A4BAD82D564B6600F54FDC /* FirebaseFunctionsCombine-Community in Frameworks */,
				70A4BAC42D564B6600F54FDC /* FirebaseAppDistribution-Beta in Frameworks */,
				70A4BAC02D564B6600F54FDC /* FirebaseAnalyticsWithoutAdIdSupport in Frameworks */,
				70A4BADA2D564B6600F54FDC /* FirebaseInAppMessaging-Beta in Frameworks */,
				70A4BAC82D564B6600F54FDC /* FirebaseAuthCombine-Community in Frameworks */,
				70A4BACC2D564B6600F54FDC /* FirebaseCrashlytics in Frameworks */,
				70A4BADE2D564B6600F54FDC /* FirebaseMLModelDownloader in Frameworks */,
				70A4BAE62D564B6600F54FDC /* FirebaseStorage in Frameworks */,
				70A4BACA2D564B6600F54FDC /* FirebaseCore in Frameworks */,
				70A4BABE2D564B6600F54FDC /* FirebaseAnalyticsOnDeviceConversion in Frameworks */,
			);
			runOnlyForDeploymentPostprocessing = 0;
		};
		703158CC2D564020007C759A /* Frameworks */ = {
			isa = PBXFrameworksBuildPhase;
			buildActionMask = 2147483647;
			files = (
			);
			runOnlyForDeploymentPostprocessing = 0;
		};
		703158D62D564020007C759A /* Frameworks */ = {
			isa = PBXFrameworksBuildPhase;
			buildActionMask = 2147483647;
			files = (
			);
			runOnlyForDeploymentPostprocessing = 0;
		};
/* End PBXFrameworksBuildPhase section */

/* Begin PBXGroup section */
		703158B62D56401E007C759A = {
			isa = PBXGroup;
			children = (
				703158C12D56401E007C759A /* Tasks */,
				703158D22D564020007C759A /* TasksTests */,
				703158DC2D564020007C759A /* TasksUITests */,
				703158C02D56401E007C759A /* Products */,
			);
			sourceTree = "<group>";
		};
		703158C02D56401E007C759A /* Products */ = {
			isa = PBXGroup;
			children = (
				703158BF2D56401E007C759A /* Tasks.app */,
				703158CF2D564020007C759A /* TasksTests.xctest */,
				703158D92D564020007C759A /* TasksUITests.xctest */,
			);
			name = Products;
			sourceTree = "<group>";
		};
/* End PBXGroup section */

/* Begin PBXNativeTarget section */
		703158BE2D56401E007C759A /* Tasks */ = {
			isa = PBXNativeTarget;
			buildConfigurationList = 703158E32D564020007C759A /* Build configuration list for PBXNativeTarget "Tasks" */;
			buildPhases = (
				703158BB2D56401E007C759A /* Sources */,
				703158BC2D56401E007C759A /* Frameworks */,
				703158BD2D56401E007C759A /* Resources */,
			);
			buildRules = (
			);
			dependencies = (
			);
			fileSystemSynchronizedGroups = (
				703158C12D56401E007C759A /* Tasks */,
			);
			name = Tasks;
			packageProductDependencies = (
				70A4BABB2D564B6600F54FDC /* FirebaseAnalytics */,
				70A4BABD2D564B6600F54FDC /* FirebaseAnalyticsOnDeviceConversion */,
				70A4BABF2D564B6600F54FDC /* FirebaseAnalyticsWithoutAdIdSupport */,
				70A4BAC12D564B6600F54FDC /* FirebaseAppCheck */,
				70A4BAC32D564B6600F54FDC /* FirebaseAppDistribution-Beta */,
				70A4BAC52D564B6600F54FDC /* FirebaseAuth */,
				70A4BAC72D564B6600F54FDC /* FirebaseAuthCombine-Community */,
				70A4BAC92D564B6600F54FDC /* FirebaseCore */,
				70A4BACB2D564B6600F54FDC /* FirebaseCrashlytics */,
				70A4BACD2D564B6600F54FDC /* FirebaseDatabase */,
				70A4BACF2D564B6600F54FDC /* FirebaseDynamicLinks */,
				70A4BAD12D564B6600F54FDC /* FirebaseFirestore */,
				70A4BAD32D564B6600F54FDC /* FirebaseFirestoreCombine-Community */,
				70A4BAD52D564B6600F54FDC /* FirebaseFunctions */,
				70A4BAD72D564B6600F54FDC /* FirebaseFunctionsCombine-Community */,
				70A4BAD92D564B6600F54FDC /* FirebaseInAppMessaging-Beta */,
				70A4BADB2D564B6600F54FDC /* FirebaseInstallations */,
				70A4BADD2D564B6600F54FDC /* FirebaseMLModelDownloader */,
				70A4BADF2D564B6600F54FDC /* FirebaseMessaging */,
				70A4BAE12D564B6600F54FDC /* FirebasePerformance */,
				70A4BAE32D564B6600F54FDC /* FirebaseRemoteConfig */,
				70A4BAE52D564B6600F54FDC /* FirebaseStorage */,
				70A4BAE72D564B6600F54FDC /* FirebaseStorageCombine-Community */,
				70A4BAE92D564B6600F54FDC /* FirebaseVertexAI */,
			);
			productName = Tasks;
			productReference = 703158BF2D56401E007C759A /* Tasks.app */;
			productType = "com.apple.product-type.application";
		};
		703158CE2D564020007C759A /* TasksTests */ = {
			isa = PBXNativeTarget;
			buildConfigurationList = 703158E62D564020007C759A /* Build configuration list for PBXNativeTarget "TasksTests" */;
			buildPhases = (
				703158CB2D564020007C759A /* Sources */,
				703158CC2D564020007C759A /* Frameworks */,
				703158CD2D564020007C759A /* Resources */,
			);
			buildRules = (
			);
			dependencies = (
				703158D12D564020007C759A /* PBXTargetDependency */,
			);
			fileSystemSynchronizedGroups = (
				703158D22D564020007C759A /* TasksTests */,
			);
			name = TasksTests;
			packageProductDependencies = (
			);
			productName = TasksTests;
			productReference = 703158CF2D564020007C759A /* TasksTests.xctest */;
			productType = "com.apple.product-type.bundle.unit-test";
		};
		703158D82D564020007C759A /* TasksUITests */ = {
			isa = PBXNativeTarget;
			buildConfigurationList = 703158E92D564020007C759A /* Build configuration list for PBXNativeTarget "TasksUITests" */;
			buildPhases = (
				703158D52D564020007C759A /* Sources */,
				703158D62D564020007C759A /* Frameworks */,
				703158D72D564020007C759A /* Resources */,
			);
			buildRules = (
			);
			dependencies = (
				703158DB2D564020007C759A /* PBXTargetDependency */,
			);
			fileSystemSynchronizedGroups = (
				703158DC2D564020007C759A /* TasksUITests */,
			);
			name = TasksUITests;
			packageProductDependencies = (
			);
			productName = TasksUITests;
			productReference = 703158D92D564020007C759A /* TasksUITests.xctest */;
			productType = "com.apple.product-type.bundle.ui-testing";
		};
/* End PBXNativeTarget section */

/* Begin PBXProject section */
		703158B72D56401E007C759A /* Project object */ = {
			isa = PBXProject;
			attributes = {
				BuildIndependentTargetsInParallel = 1;
				LastSwiftUpdateCheck = 1620;
				LastUpgradeCheck = 1620;
				TargetAttributes = {
					703158BE2D56401E007C759A = {
						CreatedOnToolsVersion = 16.2;
					};
					703158CE2D564020007C759A = {
						CreatedOnToolsVersion = 16.2;
						TestTargetID = 703158BE2D56401E007C759A;
					};
					703158D82D564020007C759A = {
						CreatedOnToolsVersion = 16.2;
						TestTargetID = 703158BE2D56401E007C759A;
					};
				};
			};
			buildConfigurationList = 703158BA2D56401E007C759A /* Build configuration list for PBXProject "Tasks" */;
			developmentRegion = en;
			hasScannedForEncodings = 0;
			knownRegions = (
				en,
				Base,
			);
			mainGroup = 703158B62D56401E007C759A;
			minimizedProjectReferenceProxies = 1;
			packageReferences = (
				70A4BABA2D564ADE00F54FDC /* XCRemoteSwiftPackageReference "firebase-ios-sdk" */,
			);
			preferredProjectObjectVersion = 77;
			productRefGroup = 703158C02D56401E007C759A /* Products */;
			projectDirPath = "";
			projectRoot = "";
			targets = (
				703158BE2D56401E007C759A /* Tasks */,
				703158CE2D564020007C759A /* TasksTests */,
				703158D82D564020007C759A /* TasksUITests */,
			);
		};
/* End PBXProject section */

/* Begin PBXResourcesBuildPhase section */
		703158BD2D56401E007C759A /* Resources */ = {
			isa = PBXResourcesBuildPhase;
			buildActionMask = 2147483647;
			files = (
			);
			runOnlyForDeploymentPostprocessing = 0;
		};
		703158CD2D564020007C759A /* Resources */ = {
			isa = PBXResourcesBuildPhase;
			buildActionMask = 2147483647;
			files = (
			);
			runOnlyForDeploymentPostprocessing = 0;
		};
		703158D72D564020007C759A /* Resources */ = {
			isa = PBXResourcesBuildPhase;
			buildActionMask = 2147483647;
			files = (
			);
			runOnlyForDeploymentPostprocessing = 0;
		};
/* End PBXResourcesBuildPhase section */

/* Begin PBXSourcesBuildPhase section */
		703158BB2D56401E007C759A /* Sources */ = {
			isa = PBXSourcesBuildPhase;
			buildActionMask = 2147483647;
			files = (
			);
			runOnlyForDeploymentPostprocessing = 0;
		};
		703158CB2D564020007C759A /* Sources */ = {
			isa = PBXSourcesBuildPhase;
			buildActionMask = 2147483647;
			files = (
			);
			runOnlyForDeploymentPostprocessing = 0;
		};
		703158D52D564020007C759A /* Sources */ = {
			isa = PBXSourcesBuildPhase;
			buildActionMask = 2147483647;
			files = (
			);
			runOnlyForDeploymentPostprocessing = 0;
		};
/* End PBXSourcesBuildPhase section */

/* Begin PBXTargetDependency section */
		703158D12D564020007C759A /* PBXTargetDependency */ = {
			isa = PBXTargetDependency;
			target = 703158BE2D56401E007C759A /* Tasks */;
			targetProxy = 703158D02D564020007C759A /* PBXContainerItemProxy */;
		};
		703158DB2D564020007C759A /* PBXTargetDependency */ = {
			isa = PBXTargetDependency;
			target = 703158BE2D56401E007C759A /* Tasks */;
			targetProxy = 703158DA2D564020007C759A /* PBXContainerItemProxy */;
		};
/* End PBXTargetDependency section */

/* Begin XCBuildConfiguration section */
		703158E12D564020007C759A /* Debug */ = {
			isa = XCBuildConfiguration;
			buildSettings = {
				ALWAYS_SEARCH_USER_PATHS = NO;
				ASSETCATALOG_COMPILER_GENERATE_SWIFT_ASSET_SYMBOL_EXTENSIONS = YES;
				CLANG_ANALYZER_NONNULL = YES;
				CLANG_ANALYZER_NUMBER_OBJECT_CONVERSION = YES_AGGRESSIVE;
				CLANG_CXX_LANGUAGE_STANDARD = "gnu++20";
				CLANG_ENABLE_MODULES = YES;
				CLANG_ENABLE_OBJC_ARC = YES;
				CLANG_ENABLE_OBJC_WEAK = YES;
				CLANG_WARN_BLOCK_CAPTURE_AUTORELEASING = YES;
				CLANG_WARN_BOOL_CONVERSION = YES;
				CLANG_WARN_COMMA = YES;
				CLANG_WARN_CONSTANT_CONVERSION = YES;
				CLANG_WARN_DEPRECATED_OBJC_IMPLEMENTATIONS = YES;
				CLANG_WARN_DIRECT_OBJC_ISA_USAGE = YES_ERROR;
				CLANG_WARN_DOCUMENTATION_COMMENTS = YES;
				CLANG_WARN_EMPTY_BODY = YES;
				CLANG_WARN_ENUM_CONVERSION = YES;
				CLANG_WARN_INFINITE_RECURSION = YES;
				CLANG_WARN_INT_CONVERSION = YES;
				CLANG_WARN_NON_LITERAL_NULL_CONVERSION = YES;
				CLANG_WARN_OBJC_IMPLICIT_RETAIN_SELF = YES;
				CLANG_WARN_OBJC_LITERAL_CONVERSION = YES;
				CLANG_WARN_OBJC_ROOT_CLASS = YES_ERROR;
				CLANG_WARN_QUOTED_INCLUDE_IN_FRAMEWORK_HEADER = YES;
				CLANG_WARN_RANGE_LOOP_ANALYSIS = YES;
				CLANG_WARN_STRICT_PROTOTYPES = YES;
				CLANG_WARN_SUSPICIOUS_MOVE = YES;
				CLANG_WARN_UNGUARDED_AVAILABILITY = YES_AGGRESSIVE;
				CLANG_WARN_UNREACHABLE_CODE = YES;
				CLANG_WARN__DUPLICATE_METHOD_MATCH = YES;
				COPY_PHASE_STRIP = NO;
				DEBUG_INFORMATION_FORMAT = dwarf;
				ENABLE_STRICT_OBJC_MSGSEND = YES;
				ENABLE_TESTABILITY = YES;
				ENABLE_USER_SCRIPT_SANDBOXING = YES;
				GCC_C_LANGUAGE_STANDARD = gnu17;
				GCC_DYNAMIC_NO_PIC = NO;
				GCC_NO_COMMON_BLOCKS = YES;
				GCC_OPTIMIZATION_LEVEL = 0;
				GCC_PREPROCESSOR_DEFINITIONS = (
					"DEBUG=1",
					"$(inherited)",
				);
				GCC_WARN_64_TO_32_BIT_CONVERSION = YES;
				GCC_WARN_ABOUT_RETURN_TYPE = YES_ERROR;
				GCC_WARN_UNDECLARED_SELECTOR = YES;
				GCC_WARN_UNINITIALIZED_AUTOS = YES_AGGRESSIVE;
				GCC_WARN_UNUSED_FUNCTION = YES;
				GCC_WARN_UNUSED_VARIABLE = YES;
				IPHONEOS_DEPLOYMENT_TARGET = 18.2;
				LOCALIZATION_PREFERS_STRING_CATALOGS = YES;
				MTL_ENABLE_DEBUG_INFO = INCLUDE_SOURCE;
				MTL_FAST_MATH = YES;
				ONLY_ACTIVE_ARCH = YES;
				SDKROOT = iphoneos;
				SWIFT_ACTIVE_COMPILATION_CONDITIONS = "DEBUG $(inherited)";
				SWIFT_OPTIMIZATION_LEVEL = "-Onone";
			};
			name = Debug;
		};
		703158E22D564020007C759A /* Release */ = {
			isa = XCBuildConfiguration;
			buildSettings = {
				ALWAYS_SEARCH_USER_PATHS = NO;
				ASSETCATALOG_COMPILER_GENERATE_SWIFT_ASSET_SYMBOL_EXTENSIONS = YES;
				CLANG_ANALYZER_NONNULL = YES;
				CLANG_ANALYZER_NUMBER_OBJECT_CONVERSION = YES_AGGRESSIVE;
				CLANG_CXX_LANGUAGE_STANDARD = "gnu++20";
				CLANG_ENABLE_MODULES = YES;
				CLANG_ENABLE_OBJC_ARC = YES;
				CLANG_ENABLE_OBJC_WEAK = YES;
				CLANG_WARN_BLOCK_CAPTURE_AUTORELEASING = YES;
				CLANG_WARN_BOOL_CONVERSION = YES;
				CLANG_WARN_COMMA = YES;
				CLANG_WARN_CONSTANT_CONVERSION = YES;
				CLANG_WARN_DEPRECATED_OBJC_IMPLEMENTATIONS = YES;
				CLANG_WARN_DIRECT_OBJC_ISA_USAGE = YES_ERROR;
				CLANG_WARN_DOCUMENTATION_COMMENTS = YES;
				CLANG_WARN_EMPTY_BODY = YES;
				CLANG_WARN_ENUM_CONVERSION = YES;
				CLANG_WARN_INFINITE_RECURSION = YES;
				CLANG_WARN_INT_CONVERSION = YES;
				CLANG_WARN_NON_LITERAL_NULL_CONVERSION = YES;
				CLANG_WARN_OBJC_IMPLICIT_RETAIN_SELF = YES;
				CLANG_WARN_OBJC_LITERAL_CONVERSION = YES;
				CLANG_WARN_OBJC_ROOT_CLASS = YES_ERROR;
				CLANG_WARN_QUOTED_INCLUDE_IN_FRAMEWORK_HEADER = YES;
				CLANG_WARN_RANGE_LOOP_ANALYSIS = YES;
				CLANG_WARN_STRICT_PROTOTYPES = YES;
				CLANG_WARN_SUSPICIOUS_MOVE = YES;
				CLANG_WARN_UNGUARDED_AVAILABILITY = YES_AGGRESSIVE;
				CLANG_WARN_UNREACHABLE_CODE = YES;
				CLANG_WARN__DUPLICATE_METHOD_MATCH = YES;
				COPY_PHASE_STRIP = NO;
				DEBUG_INFORMATION_FORMAT = "dwarf-with-dsym";
				ENABLE_NS_ASSERTIONS = NO;
				ENABLE_STRICT_OBJC_MSGSEND = YES;
				ENABLE_USER_SCRIPT_SANDBOXING = YES;
				GCC_C_LANGUAGE_STANDARD = gnu17;
				GCC_NO_COMMON_BLOCKS = YES;
				GCC_WARN_64_TO_32_BIT_CONVERSION = YES;
				GCC_WARN_ABOUT_RETURN_TYPE = YES_ERROR;
				GCC_WARN_UNDECLARED_SELECTOR = YES;
				GCC_WARN_UNINITIALIZED_AUTOS = YES_AGGRESSIVE;
				GCC_WARN_UNUSED_FUNCTION = YES;
				GCC_WARN_UNUSED_VARIABLE = YES;
				IPHONEOS_DEPLOYMENT_TARGET = 18.2;
				LOCALIZATION_PREFERS_STRING_CATALOGS = YES;
				MTL_ENABLE_DEBUG_INFO = NO;
				MTL_FAST_MATH = YES;
				SDKROOT = iphoneos;
				SWIFT_COMPILATION_MODE = wholemodule;
				VALIDATE_PRODUCT = YES;
			};
			name = Release;
		};
		703158E42D564020007C759A /* Debug */ = {
			isa = XCBuildConfiguration;
			buildSettings = {
				ASSETCATALOG_COMPILER_APPICON_NAME = AppIcon;
				ASSETCATALOG_COMPILER_GLOBAL_ACCENT_COLOR_NAME = AccentColor;
				CODE_SIGN_STYLE = Automatic;
				CURRENT_PROJECT_VERSION = 1;
				DEVELOPMENT_ASSET_PATHS = "\"Tasks/Preview Content\"";
				ENABLE_PREVIEWS = YES;
				GENERATE_INFOPLIST_FILE = YES;
				INFOPLIST_KEY_UIApplicationSceneManifest_Generation = YES;
				INFOPLIST_KEY_UIApplicationSupportsIndirectInputEvents = YES;
				INFOPLIST_KEY_UILaunchScreen_Generation = YES;
				INFOPLIST_KEY_UISupportedInterfaceOrientations_iPad = "UIInterfaceOrientationPortrait UIInterfaceOrientationPortraitUpsideDown UIInterfaceOrientationLandscapeLeft UIInterfaceOrientationLandscapeRight";
				INFOPLIST_KEY_UISupportedInterfaceOrientations_iPhone = "UIInterfaceOrientationPortrait UIInterfaceOrientationLandscapeLeft UIInterfaceOrientationLandscapeRight";
				LD_RUNPATH_SEARCH_PATHS = (
					"$(inherited)",
					"@executable_path/Frameworks",
				);
				MARKETING_VERSION = 1.0;
				PRODUCT_BUNDLE_IDENTIFIER = Learning.Tasks;
				PRODUCT_NAME = "$(TARGET_NAME)";
				SWIFT_EMIT_LOC_STRINGS = YES;
				SWIFT_VERSION = 5.0;
				TARGETED_DEVICE_FAMILY = "1,2";
			};
			name = Debug;
		};
		703158E52D564020007C759A /* Release */ = {
			isa = XCBuildConfiguration;
			buildSettings = {
				ASSETCATALOG_COMPILER_APPICON_NAME = AppIcon;
				ASSETCATALOG_COMPILER_GLOBAL_ACCENT_COLOR_NAME = AccentColor;
				CODE_SIGN_STYLE = Automatic;
				CURRENT_PROJECT_VERSION = 1;
				DEVELOPMENT_ASSET_PATHS = "\"Tasks/Preview Content\"";
				ENABLE_PREVIEWS = YES;
				GENERATE_INFOPLIST_FILE = YES;
				INFOPLIST_KEY_UIApplicationSceneManifest_Generation = YES;
				INFOPLIST_KEY_UIApplicationSupportsIndirectInputEvents = YES;
				INFOPLIST_KEY_UILaunchScreen_Generation = YES;
				INFOPLIST_KEY_UISupportedInterfaceOrientations_iPad = "UIInterfaceOrientationPortrait UIInterfaceOrientationPortraitUpsideDown UIInterfaceOrientationLandscapeLeft UIInterfaceOrientationLandscapeRight";
				INFOPLIST_KEY_UISupportedInterfaceOrientations_iPhone = "UIInterfaceOrientationPortrait UIInterfaceOrientationLandscapeLeft UIInterfaceOrientationLandscapeRight";
				LD_RUNPATH_SEARCH_PATHS = (
					"$(inherited)",
					"@executable_path/Frameworks",
				);
				MARKETING_VERSION = 1.0;
				PRODUCT_BUNDLE_IDENTIFIER = Learning.Tasks;
				PRODUCT_NAME = "$(TARGET_NAME)";
				SWIFT_EMIT_LOC_STRINGS = YES;
				SWIFT_VERSION = 5.0;
				TARGETED_DEVICE_FAMILY = "1,2";
			};
			name = Release;
		};
		703158E72D564020007C759A /* Debug */ = {
			isa = XCBuildConfiguration;
			buildSettings = {
				BUNDLE_LOADER = "$(TEST_HOST)";
				CODE_SIGN_STYLE = Automatic;
				CURRENT_PROJECT_VERSION = 1;
				GENERATE_INFOPLIST_FILE = YES;
				IPHONEOS_DEPLOYMENT_TARGET = 18.2;
				MARKETING_VERSION = 1.0;
				PRODUCT_BUNDLE_IDENTIFIER = Learning.TasksTests;
				PRODUCT_NAME = "$(TARGET_NAME)";
				SWIFT_EMIT_LOC_STRINGS = NO;
				SWIFT_VERSION = 5.0;
				TARGETED_DEVICE_FAMILY = "1,2";
				TEST_HOST = "$(BUILT_PRODUCTS_DIR)/Tasks.app/$(BUNDLE_EXECUTABLE_FOLDER_PATH)/Tasks";
			};
			name = Debug;
		};
		703158E82D564020007C759A /* Release */ = {
			isa = XCBuildConfiguration;
			buildSettings = {
				BUNDLE_LOADER = "$(TEST_HOST)";
				CODE_SIGN_STYLE = Automatic;
				CURRENT_PROJECT_VERSION = 1;
				GENERATE_INFOPLIST_FILE = YES;
				IPHONEOS_DEPLOYMENT_TARGET = 18.2;
				MARKETING_VERSION = 1.0;
				PRODUCT_BUNDLE_IDENTIFIER = Learning.TasksTests;
				PRODUCT_NAME = "$(TARGET_NAME)";
				SWIFT_EMIT_LOC_STRINGS = NO;
				SWIFT_VERSION = 5.0;
				TARGETED_DEVICE_FAMILY = "1,2";
				TEST_HOST = "$(BUILT_PRODUCTS_DIR)/Tasks.app/$(BUNDLE_EXECUTABLE_FOLDER_PATH)/Tasks";
			};
			name = Release;
		};
		703158EA2D564020007C759A /* Debug */ = {
			isa = XCBuildConfiguration;
			buildSettings = {
				CODE_SIGN_STYLE = Automatic;
				CURRENT_PROJECT_VERSION = 1;
				GENERATE_INFOPLIST_FILE = YES;
				MARKETING_VERSION = 1.0;
				PRODUCT_BUNDLE_IDENTIFIER = Learning.TasksUITests;
				PRODUCT_NAME = "$(TARGET_NAME)";
				SWIFT_EMIT_LOC_STRINGS = NO;
				SWIFT_VERSION = 5.0;
				TARGETED_DEVICE_FAMILY = "1,2";
				TEST_TARGET_NAME = Tasks;
			};
			name = Debug;
		};
		703158EB2D564020007C759A /* Release */ = {
			isa = XCBuildConfiguration;
			buildSettings = {
				CODE_SIGN_STYLE = Automatic;
				CURRENT_PROJECT_VERSION = 1;
				GENERATE_INFOPLIST_FILE = YES;
				MARKETING_VERSION = 1.0;
				PRODUCT_BUNDLE_IDENTIFIER = Learning.TasksUITests;
				PRODUCT_NAME = "$(TARGET_NAME)";
				SWIFT_EMIT_LOC_STRINGS = NO;
				SWIFT_VERSION = 5.0;
				TARGETED_DEVICE_FAMILY = "1,2";
				TEST_TARGET_NAME = Tasks;
			};
			name = Release;
		};
/* End XCBuildConfiguration section */

/* Begin XCConfigurationList section */
		703158BA2D56401E007C759A /* Build configuration list for PBXProject "Tasks" */ = {
			isa = XCConfigurationList;
			buildConfigurations = (
				703158E12D564020007C759A /* Debug */,
				703158E22D564020007C759A /* Release */,
			);
			defaultConfigurationIsVisible = 0;
			defaultConfigurationName = Release;
		};
		703158E32D564020007C759A /* Build configuration list for PBXNativeTarget "Tasks" */ = {
			isa = XCConfigurationList;
			buildConfigurations = (
				703158E42D564020007C759A /* Debug */,
				703158E52D564020007C759A /* Release */,
			);
			defaultConfigurationIsVisible = 0;
			defaultConfigurationName = Release;
		};
		703158E62D564020007C759A /* Build configuration list for PBXNativeTarget "TasksTests" */ = {
			isa = XCConfigurationList;
			buildConfigurations = (
				703158E72D564020007C759A /* Debug */,
				703158E82D564020007C759A /* Release */,
			);
			defaultConfigurationIsVisible = 0;
			defaultConfigurationName = Release;
		};
		703158E92D564020007C759A /* Build configuration list for PBXNativeTarget "TasksUITests" */ = {
			isa = XCConfigurationList;
			buildConfigurations = (
				703158EA2D564020007C759A /* Debug */,
				703158EB2D564020007C759A /* Release */,
			);
			defaultConfigurationIsVisible = 0;
			defaultConfigurationName = Release;
		};
/* End XCConfigurationList section */

/* Begin XCRemoteSwiftPackageReference section */
		70A4BABA2D564ADE00F54FDC /* XCRemoteSwiftPackageReference "firebase-ios-sdk" */ = {
			isa = XCRemoteSwiftPackageReference;
			repositoryURL = "https://github.com/firebase/firebase-ios-sdk.git";
			requirement = {
				kind = upToNextMajorVersion;
				minimumVersion = 11.8.1;
			};
		};
/* End XCRemoteSwiftPackageReference section */

/* Begin XCSwiftPackageProductDependency section */
		70A4BABB2D564B6600F54FDC /* FirebaseAnalytics */ = {
			isa = XCSwiftPackageProductDependency;
			package = 70A4BABA2D564ADE00F54FDC /* XCRemoteSwiftPackageReference "firebase-ios-sdk" */;
			productName = FirebaseAnalytics;
		};
		70A4BABD2D564B6600F54FDC /* FirebaseAnalyticsOnDeviceConversion */ = {
			isa = XCSwiftPackageProductDependency;
			package = 70A4BABA2D564ADE00F54FDC /* XCRemoteSwiftPackageReference "firebase-ios-sdk" */;
			productName = FirebaseAnalyticsOnDeviceConversion;
		};
		70A4BABF2D564B6600F54FDC /* FirebaseAnalyticsWithoutAdIdSupport */ = {
			isa = XCSwiftPackageProductDependency;
			package = 70A4BABA2D564ADE00F54FDC /* XCRemoteSwiftPackageReference "firebase-ios-sdk" */;
			productName = FirebaseAnalyticsWithoutAdIdSupport;
		};
		70A4BAC12D564B6600F54FDC /* FirebaseAppCheck */ = {
			isa = XCSwiftPackageProductDependency;
			package = 70A4BABA2D564ADE00F54FDC /* XCRemoteSwiftPackageReference "firebase-ios-sdk" */;
			productName = FirebaseAppCheck;
		};
		70A4BAC32D564B6600F54FDC /* FirebaseAppDistribution-Beta */ = {
			isa = XCSwiftPackageProductDependency;
			package = 70A4BABA2D564ADE00F54FDC /* XCRemoteSwiftPackageReference "firebase-ios-sdk" */;
			productName = "FirebaseAppDistribution-Beta";
		};
		70A4BAC52D564B6600F54FDC /* FirebaseAuth */ = {
			isa = XCSwiftPackageProductDependency;
			package = 70A4BABA2D564ADE00F54FDC /* XCRemoteSwiftPackageReference "firebase-ios-sdk" */;
			productName = FirebaseAuth;
		};
		70A4BAC72D564B6600F54FDC /* FirebaseAuthCombine-Community */ = {
			isa = XCSwiftPackageProductDependency;
			package = 70A4BABA2D564ADE00F54FDC /* XCRemoteSwiftPackageReference "firebase-ios-sdk" */;
			productName = "FirebaseAuthCombine-Community";
		};
		70A4BAC92D564B6600F54FDC /* FirebaseCore */ = {
			isa = XCSwiftPackageProductDependency;
			package = 70A4BABA2D564ADE00F54FDC /* XCRemoteSwiftPackageReference "firebase-ios-sdk" */;
			productName = FirebaseCore;
		};
		70A4BACB2D564B6600F54FDC /* FirebaseCrashlytics */ = {
			isa = XCSwiftPackageProductDependency;
			package = 70A4BABA2D564ADE00F54FDC /* XCRemoteSwiftPackageReference "firebase-ios-sdk" */;
			productName = FirebaseCrashlytics;
		};
		70A4BACD2D564B6600F54FDC /* FirebaseDatabase */ = {
			isa = XCSwiftPackageProductDependency;
			package = 70A4BABA2D564ADE00F54FDC /* XCRemoteSwiftPackageReference "firebase-ios-sdk" */;
			productName = FirebaseDatabase;
		};
		70A4BACF2D564B6600F54FDC /* FirebaseDynamicLinks */ = {
			isa = XCSwiftPackageProductDependency;
			package = 70A4BABA2D564ADE00F54FDC /* XCRemoteSwiftPackageReference "firebase-ios-sdk" */;
			productName = FirebaseDynamicLinks;
		};
		70A4BAD12D564B6600F54FDC /* FirebaseFirestore */ = {
			isa = XCSwiftPackageProductDependency;
			package = 70A4BABA2D564ADE00F54FDC /* XCRemoteSwiftPackageReference "firebase-ios-sdk" */;
			productName = FirebaseFirestore;
		};
		70A4BAD32D564B6600F54FDC /* FirebaseFirestoreCombine-Community */ = {
			isa = XCSwiftPackageProductDependency;
			package = 70A4BABA2D564ADE00F54FDC /* XCRemoteSwiftPackageReference "firebase-ios-sdk" */;
			productName = "FirebaseFirestoreCombine-Community";
		};
		70A4BAD52D564B6600F54FDC /* FirebaseFunctions */ = {
			isa = XCSwiftPackageProductDependency;
			package = 70A4BABA2D564ADE00F54FDC /* XCRemoteSwiftPackageReference "firebase-ios-sdk" */;
			productName = FirebaseFunctions;
		};
		70A4BAD72D564B6600F54FDC /* FirebaseFunctionsCombine-Community */ = {
			isa = XCSwiftPackageProductDependency;
			package = 70A4BABA2D564ADE00F54FDC /* XCRemoteSwiftPackageReference "firebase-ios-sdk" */;
			productName = "FirebaseFunctionsCombine-Community";
		};
		70A4BAD92D564B6600F54FDC /* FirebaseInAppMessaging-Beta */ = {
			isa = XCSwiftPackageProductDependency;
			package = 70A4BABA2D564ADE00F54FDC /* XCRemoteSwiftPackageReference "firebase-ios-sdk" */;
			productName = "FirebaseInAppMessaging-Beta";
		};
		70A4BADB2D564B6600F54FDC /* FirebaseInstallations */ = {
			isa = XCSwiftPackageProductDependency;
			package = 70A4BABA2D564ADE00F54FDC /* XCRemoteSwiftPackageReference "firebase-ios-sdk" */;
			productName = FirebaseInstallations;
		};
		70A4BADD2D564B6600F54FDC /* FirebaseMLModelDownloader */ = {
			isa = XCSwiftPackageProductDependency;
			package = 70A4BABA2D564ADE00F54FDC /* XCRemoteSwiftPackageReference "firebase-ios-sdk" */;
			productName = FirebaseMLModelDownloader;
		};
		70A4BADF2D564B6600F54FDC /* FirebaseMessaging */ = {
			isa = XCSwiftPackageProductDependency;
			package = 70A4BABA2D564ADE00F54FDC /* XCRemoteSwiftPackageReference "firebase-ios-sdk" */;
			productName = FirebaseMessaging;
		};
		70A4BAE12D564B6600F54FDC /* FirebasePerformance */ = {
			isa = XCSwiftPackageProductDependency;
			package = 70A4BABA2D564ADE00F54FDC /* XCRemoteSwiftPackageReference "firebase-ios-sdk" */;
			productName = FirebasePerformance;
		};
		70A4BAE32D564B6600F54FDC /* FirebaseRemoteConfig */ = {
			isa = XCSwiftPackageProductDependency;
			package = 70A4BABA2D564ADE00F54FDC /* XCRemoteSwiftPackageReference "firebase-ios-sdk" */;
			productName = FirebaseRemoteConfig;
		};
		70A4BAE52D564B6600F54FDC /* FirebaseStorage */ = {
			isa = XCSwiftPackageProductDependency;
			package = 70A4BABA2D564ADE00F54FDC /* XCRemoteSwiftPackageReference "firebase-ios-sdk" */;
			productName = FirebaseStorage;
		};
		70A4BAE72D564B6600F54FDC /* FirebaseStorageCombine-Community */ = {
			isa = XCSwiftPackageProductDependency;
			package = 70A4BABA2D564ADE00F54FDC /* XCRemoteSwiftPackageReference "firebase-ios-sdk" */;
			productName = "FirebaseStorageCombine-Community";
		};
		70A4BAE92D564B6600F54FDC /* FirebaseVertexAI */ = {
			isa = XCSwiftPackageProductDependency;
			package = 70A4BABA2D564ADE00F54FDC /* XCRemoteSwiftPackageReference "firebase-ios-sdk" */;
			productName = FirebaseVertexAI;
		};
/* End XCSwiftPackageProductDependency section */
	};
	rootObject = 703158B72D56401E007C759A /* Project object */;
}
